
Microsoft Visual Studio Solution File, Format Version 12.00
# Visual Studio Version 17
VisualStudioVersion = 17.7.34031.279
MinimumVisualStudioVersion = 10.0.40219.1
Project("{9A19103F-16F7-4668-BE54-9A1E7A4F7556}") = "Pustok2", "Pustok2.csproj", "{2F8C4FF6-4BF8-408D-ABC4-33B1E5794D97}"
EndProject
Global
	GlobalSection(SolutionConfigurationPlatforms) = preSolution
		Debug|Any CPU = Debug|Any CPU
		Release|Any CPU = Release|Any CPU
	EndGlobalSection
	GlobalSection(ProjectConfigurationPlatforms) = postSolution
		{2F8C4FF6-4BF8-408D-ABC4-33B1E5794D97}.Debug|Any CPU.ActiveCfg = Debug|Any CPU
		{2F8C4FF6-4BF8-408D-ABC4-33B1E5794D97}.Debug|Any CPU.Build.0 = Debug|Any CPU
		{2F8C4FF6-4BF8-408D-ABC4-33B1E5794D97}.Release|Any CPU.ActiveCfg = Release|Any CPU
		{2F8C4FF6-4BF8-408D-ABC4-33B1E5794D97}.Release|Any CPU.Build.0 = Release|Any CPU
	EndGlobalSection
	GlobalSection(SolutionProperties) = preSolution
		HideSolutionNode = FALSE
	EndGlobalSection
	GlobalSection(ExtensibilityGlobals) = postSolution
		SolutionGuid = {151A00D0-3D33-4508-AC1D-8AED0AA98E94}
	EndGlobalSection
EndGlobal
